
Microsoft Visual Studio Solution File, Format Version 12.00
# Visual Studio Version 17
VisualStudioVersion = 17.4.33213.308
MinimumVisualStudioVersion = 10.0.40219.1
Project("{FAE04EC0-301F-11D3-BF4B-00C04F79EFBC}") = "EntityLayer", "EntityLayer\EntityLayer.csproj", "{3398444E-E619-4A19-9969-E8C60F27F0BF}"
EndProject
Project("{FAE04EC0-301F-11D3-BF4B-00C04F79EFBC}") = "DataAccessLayer", "DataAccessLayer\DataAccessLayer.csproj", "{DCE79D88-6116-4F25-8811-03746C7DB0AC}"
EndProject
Project("{FAE04EC0-301F-11D3-BF4B-00C04F79EFBC}") = "CoreLayer", "CoreLayer\CoreLayer.csproj", "{92B0D105-9A00-4171-8638-9BA72E24C695}"
EndProject
Project("{FAE04EC0-301F-11D3-BF4B-00C04F79EFBC}") = "BusinessLayer", "BusinessLayer\BusinessLayer.csproj", "{7E0A4F2E-3182-467D-94ED-92D30D591A09}"
EndProject
Project("{FAE04EC0-301F-11D3-BF4B-00C04F79EFBC}") = "CashierApi", "CashierApi\CashierApi.csproj", "{2FFE2E56-FDCD-4C3E-B624-4FB7789E0AD4}"
EndProject
Global
	GlobalSection(SolutionConfigurationPlatforms) = preSolution
		Debug|Any CPU = Debug|Any CPU
		Release|Any CPU = Release|Any CPU
	EndGlobalSection
	GlobalSection(ProjectConfigurationPlatforms) = postSolution
		{3398444E-E619-4A19-9969-E8C60F27F0BF}.Debug|Any CPU.ActiveCfg = Debug|Any CPU
		{3398444E-E619-4A19-9969-E8C60F27F0BF}.Debug|Any CPU.Build.0 = Debug|Any CPU
		{3398444E-E619-4A19-9969-E8C60F27F0BF}.Release|Any CPU.ActiveCfg = Release|Any CPU
		{3398444E-E619-4A19-9969-E8C60F27F0BF}.Release|Any CPU.Build.0 = Release|Any CPU
		{DCE79D88-6116-4F25-8811-03746C7DB0AC}.Debug|Any CPU.ActiveCfg = Debug|Any CPU
		{DCE79D88-6116-4F25-8811-03746C7DB0AC}.Debug|Any CPU.Build.0 = Debug|Any CPU
		{DCE79D88-6116-4F25-8811-03746C7DB0AC}.Release|Any CPU.ActiveCfg = Release|Any CPU
		{DCE79D88-6116-4F25-8811-03746C7DB0AC}.Release|Any CPU.Build.0 = Release|Any CPU
		{92B0D105-9A00-4171-8638-9BA72E24C695}.Debug|Any CPU.ActiveCfg = Debug|Any CPU
		{92B0D105-9A00-4171-8638-9BA72E24C695}.Debug|Any CPU.Build.0 = Debug|Any CPU
		{92B0D105-9A00-4171-8638-9BA72E24C695}.Release|Any CPU.ActiveCfg = Release|Any CPU
		{92B0D105-9A00-4171-8638-9BA72E24C695}.Release|Any CPU.Build.0 = Release|Any CPU
		{7E0A4F2E-3182-467D-94ED-92D30D591A09}.Debug|Any CPU.ActiveCfg = Debug|Any CPU
		{7E0A4F2E-3182-467D-94ED-92D30D591A09}.Debug|Any CPU.Build.0 = Debug|Any CPU
		{7E0A4F2E-3182-467D-94ED-92D30D591A09}.Release|Any CPU.ActiveCfg = Release|Any CPU
		{7E0A4F2E-3182-467D-94ED-92D30D591A09}.Release|Any CPU.Build.0 = Release|Any CPU
		{2FFE2E56-FDCD-4C3E-B624-4FB7789E0AD4}.Debug|Any CPU.ActiveCfg = Debug|Any CPU
		{2FFE2E56-FDCD-4C3E-B624-4FB7789E0AD4}.Debug|Any CPU.Build.0 = Debug|Any CPU
		{2FFE2E56-FDCD-4C3E-B624-4FB7789E0AD4}.Release|Any CPU.ActiveCfg = Release|Any CPU
		{2FFE2E56-FDCD-4C3E-B624-4FB7789E0AD4}.Release|Any CPU.Build.0 = Release|Any CPU
	EndGlobalSection
	GlobalSection(SolutionProperties) = preSolution
		HideSolutionNode = FALSE
	EndGlobalSection
	GlobalSection(ExtensibilityGlobals) = postSolution
		SolutionGuid = {BF8399A8-E69D-473F-98A2-C4FBDEB7E74E}
	EndGlobalSection
EndGlobal
